{
  "name": "minecraft-anvil",
  "version": "1.0.0",
  "lockfileVersion": 1,
  "requires": true,
  "dependencies": {
    "nbt-ts": {
      "version": "1.0.5",
      "resolved": "https://registry.npmjs.org/nbt-ts/-/nbt-ts-1.0.5.tgz",
      "integrity": "sha512-B0yAatU2rp/4sFZLS/xu/ubMnJS1L6SvPC3BVoKLQQngcSIQM39hvhPKViySr6/DNZNGtVDP8V2YANkiujdw/A=="
    },
    "shallow-equal": {
      "version": "1.2.0",
      "resolved": "https://registry.npmjs.org/shallow-equal/-/shallow-equal-1.2.0.tgz",
      "integrity": "sha512-Z21pVxR4cXsfwpMKMhCEIO1PCi5sp7KEp+CmOpBQ+E8GpHwKOw2sEzk7sgblM3d/j4z4gakoWEoPcjK0VJQogA=="
    }
  }
}
